
Microsoft Visual Studio Solution File, Format Version 12.00
# Visual Studio Version 17
VisualStudioVersion = 17.0.32112.339
MinimumVisualStudioVersion = 10.0.40219.1
Project("{FAE04EC0-301F-11D3-BF4B-00C04F79EFBC}") = "TheHeist", "TheHeist\TheHeist.csproj", "{41C11369-F692-4597-9968-858A6739ED9F}"
EndProject
Global
	GlobalSection(SolutionConfigurationPlatforms) = preSolution
		Debug|Any CPU = Debug|Any CPU
		Release|Any CPU = Release|Any CPU
	EndGlobalSection
	GlobalSection(ProjectConfigurationPlatforms) = postSolution
		{41C11369-F692-4597-9968-858A6739ED9F}.Debug|Any CPU.ActiveCfg = Debug|Any CPU
		{41C11369-F692-4597-9968-858A6739ED9F}.Debug|Any CPU.Build.0 = Debug|Any CPU
		{41C11369-F692-4597-9968-858A6739ED9F}.Release|Any CPU.ActiveCfg = Release|Any CPU
		{41C11369-F692-4597-9968-858A6739ED9F}.Release|Any CPU.Build.0 = Release|Any CPU
	EndGlobalSection
	GlobalSection(SolutionProperties) = preSolution
		HideSolutionNode = FALSE
	EndGlobalSection
	GlobalSection(ExtensibilityGlobals) = postSolution
		SolutionGuid = {8DCF2A50-478D-4523-903B-7065C0B6ABFC}
	EndGlobalSection
EndGlobal
